
Microsoft Visual Studio Solution File, Format Version 12.00
# Visual Studio 15
VisualStudioVersion = 15.0.27703.2000
MinimumVisualStudioVersion = 10.0.40219.1
Project("{FAE04EC0-301F-11D3-BF4B-00C04F79EFBC}") = "compareLength_arrays", "compareLength_arrays\compareLength_arrays.csproj", "{269DFC31-43AD-4A7F-B0AB-FFDF98357C4A}"
EndProject
Global
	GlobalSection(SolutionConfigurationPlatforms) = preSolution
		Debug|Any CPU = Debug|Any CPU
		Release|Any CPU = Release|Any CPU
	EndGlobalSection
	GlobalSection(ProjectConfigurationPlatforms) = postSolution
		{269DFC31-43AD-4A7F-B0AB-FFDF98357C4A}.Debug|Any CPU.ActiveCfg = Debug|Any CPU
		{269DFC31-43AD-4A7F-B0AB-FFDF98357C4A}.Debug|Any CPU.Build.0 = Debug|Any CPU
		{269DFC31-43AD-4A7F-B0AB-FFDF98357C4A}.Release|Any CPU.ActiveCfg = Release|Any CPU
		{269DFC31-43AD-4A7F-B0AB-FFDF98357C4A}.Release|Any CPU.Build.0 = Release|Any CPU
	EndGlobalSection
	GlobalSection(SolutionProperties) = preSolution
		HideSolutionNode = FALSE
	EndGlobalSection
	GlobalSection(ExtensibilityGlobals) = postSolution
		SolutionGuid = {43916B74-CEE6-4AF7-B578-10EC3A9873C7}
	EndGlobalSection
EndGlobal
