
Microsoft Visual Studio Solution File, Format Version 12.00
# Visual Studio 15
VisualStudioVersion = 15.0.27703.2000
MinimumVisualStudioVersion = 10.0.40219.1
Project("{FAE04EC0-301F-11D3-BF4B-00C04F79EFBC}") = "NUnitTest1", "NUnit Test1\NUnitTest1.csproj", "{9F4F738F-C3E2-4338-9BDE-898C9E355833}"
EndProject
Project("{FAE04EC0-301F-11D3-BF4B-00C04F79EFBC}") = "NthElementTest", "NthElementTest\NthElementTest.csproj", "{BB929BBC-42E1-4639-B045-DDBA66A09E6B}"
EndProject
Global
	GlobalSection(SolutionConfigurationPlatforms) = preSolution
		Debug|Any CPU = Debug|Any CPU
		Release|Any CPU = Release|Any CPU
	EndGlobalSection
	GlobalSection(ProjectConfigurationPlatforms) = postSolution
		{9F4F738F-C3E2-4338-9BDE-898C9E355833}.Debug|Any CPU.ActiveCfg = Debug|Any CPU
		{9F4F738F-C3E2-4338-9BDE-898C9E355833}.Debug|Any CPU.Build.0 = Debug|Any CPU
		{9F4F738F-C3E2-4338-9BDE-898C9E355833}.Release|Any CPU.ActiveCfg = Release|Any CPU
		{9F4F738F-C3E2-4338-9BDE-898C9E355833}.Release|Any CPU.Build.0 = Release|Any CPU
		{BB929BBC-42E1-4639-B045-DDBA66A09E6B}.Debug|Any CPU.ActiveCfg = Debug|Any CPU
		{BB929BBC-42E1-4639-B045-DDBA66A09E6B}.Debug|Any CPU.Build.0 = Debug|Any CPU
		{BB929BBC-42E1-4639-B045-DDBA66A09E6B}.Release|Any CPU.ActiveCfg = Release|Any CPU
		{BB929BBC-42E1-4639-B045-DDBA66A09E6B}.Release|Any CPU.Build.0 = Release|Any CPU
	EndGlobalSection
	GlobalSection(SolutionProperties) = preSolution
		HideSolutionNode = FALSE
	EndGlobalSection
	GlobalSection(ExtensibilityGlobals) = postSolution
		SolutionGuid = {0B86251B-1474-426F-9347-FE32A5361672}
	EndGlobalSection
EndGlobal
