
Microsoft Visual Studio Solution File, Format Version 12.00
# Visual Studio 15
VisualStudioVersion = 15.0.27703.2000
MinimumVisualStudioVersion = 10.0.40219.1
Project("{FAE04EC0-301F-11D3-BF4B-00C04F79EFBC}") = "Apples", "Apples\Apples.csproj", "{886A12B2-9333-498B-93B5-7FFAA38DA933}"
EndProject
Project("{FAE04EC0-301F-11D3-BF4B-00C04F79EFBC}") = "NUnitTest1", "NUnit Test1\NUnitTest1.csproj", "{57919768-A223-47E1-9CD1-87FE3AC3F711}"
EndProject
Global
	GlobalSection(SolutionConfigurationPlatforms) = preSolution
		Debug|Any CPU = Debug|Any CPU
		Release|Any CPU = Release|Any CPU
	EndGlobalSection
	GlobalSection(ProjectConfigurationPlatforms) = postSolution
		{886A12B2-9333-498B-93B5-7FFAA38DA933}.Debug|Any CPU.ActiveCfg = Debug|Any CPU
		{886A12B2-9333-498B-93B5-7FFAA38DA933}.Debug|Any CPU.Build.0 = Debug|Any CPU
		{886A12B2-9333-498B-93B5-7FFAA38DA933}.Release|Any CPU.ActiveCfg = Release|Any CPU
		{886A12B2-9333-498B-93B5-7FFAA38DA933}.Release|Any CPU.Build.0 = Release|Any CPU
		{57919768-A223-47E1-9CD1-87FE3AC3F711}.Debug|Any CPU.ActiveCfg = Debug|Any CPU
		{57919768-A223-47E1-9CD1-87FE3AC3F711}.Debug|Any CPU.Build.0 = Debug|Any CPU
		{57919768-A223-47E1-9CD1-87FE3AC3F711}.Release|Any CPU.ActiveCfg = Release|Any CPU
		{57919768-A223-47E1-9CD1-87FE3AC3F711}.Release|Any CPU.Build.0 = Release|Any CPU
	EndGlobalSection
	GlobalSection(SolutionProperties) = preSolution
		HideSolutionNode = FALSE
	EndGlobalSection
	GlobalSection(ExtensibilityGlobals) = postSolution
		SolutionGuid = {7DA8E00A-C262-4D99-AD60-A96F0397464E}
	EndGlobalSection
EndGlobal
