
Microsoft Visual Studio Solution File, Format Version 12.00
# Visual Studio 15
VisualStudioVersion = 15.0.27703.2000
MinimumVisualStudioVersion = 10.0.40219.1
Project("{FAE04EC0-301F-11D3-BF4B-00C04F79EFBC}") = "CenteredBoxes", "CenteredBoxes\CenteredBoxes.csproj", "{2DCC8EDD-3AC9-4D74-8ADA-6A4E6410900F}"
EndProject
Global
	GlobalSection(SolutionConfigurationPlatforms) = preSolution
		Debug|Any CPU = Debug|Any CPU
		Release|Any CPU = Release|Any CPU
	EndGlobalSection
	GlobalSection(ProjectConfigurationPlatforms) = postSolution
		{2DCC8EDD-3AC9-4D74-8ADA-6A4E6410900F}.Debug|Any CPU.ActiveCfg = Debug|Any CPU
		{2DCC8EDD-3AC9-4D74-8ADA-6A4E6410900F}.Debug|Any CPU.Build.0 = Debug|Any CPU
		{2DCC8EDD-3AC9-4D74-8ADA-6A4E6410900F}.Release|Any CPU.ActiveCfg = Release|Any CPU
		{2DCC8EDD-3AC9-4D74-8ADA-6A4E6410900F}.Release|Any CPU.Build.0 = Release|Any CPU
	EndGlobalSection
	GlobalSection(SolutionProperties) = preSolution
		HideSolutionNode = FALSE
	EndGlobalSection
	GlobalSection(ExtensibilityGlobals) = postSolution
		SolutionGuid = {B6CA4884-A2A1-44B7-8A4B-667726C1321D}
	EndGlobalSection
EndGlobal
