
Microsoft Visual Studio Solution File, Format Version 12.00
# Visual Studio 15
VisualStudioVersion = 15.0.27703.2000
MinimumVisualStudioVersion = 10.0.40219.1
Project("{FAE04EC0-301F-11D3-BF4B-00C04F79EFBC}") = "Fibonacci", "Fibonacci\Fibonacci.csproj", "{B10D397D-6DA4-4C72-81A0-5EFF0059CBAB}"
EndProject
Global
	GlobalSection(SolutionConfigurationPlatforms) = preSolution
		Debug|Any CPU = Debug|Any CPU
		Release|Any CPU = Release|Any CPU
	EndGlobalSection
	GlobalSection(ProjectConfigurationPlatforms) = postSolution
		{B10D397D-6DA4-4C72-81A0-5EFF0059CBAB}.Debug|Any CPU.ActiveCfg = Debug|Any CPU
		{B10D397D-6DA4-4C72-81A0-5EFF0059CBAB}.Debug|Any CPU.Build.0 = Debug|Any CPU
		{B10D397D-6DA4-4C72-81A0-5EFF0059CBAB}.Release|Any CPU.ActiveCfg = Release|Any CPU
		{B10D397D-6DA4-4C72-81A0-5EFF0059CBAB}.Release|Any CPU.Build.0 = Release|Any CPU
	EndGlobalSection
	GlobalSection(SolutionProperties) = preSolution
		HideSolutionNode = FALSE
	EndGlobalSection
	GlobalSection(ExtensibilityGlobals) = postSolution
		SolutionGuid = {17D590D8-AC06-4F78-8CEB-E53CAB7BBAB0}
	EndGlobalSection
EndGlobal
