
Microsoft Visual Studio Solution File, Format Version 12.00
# Visual Studio 15
VisualStudioVersion = 15.0.27703.2000
MinimumVisualStudioVersion = 10.0.40219.1
Project("{FAE04EC0-301F-11D3-BF4B-00C04F79EFBC}") = "Flyable", "Flyable\Flyable.csproj", "{9CE91708-22D6-4A5E-8A21-293CE6CCFBEB}"
EndProject
Global
	GlobalSection(SolutionConfigurationPlatforms) = preSolution
		Debug|Any CPU = Debug|Any CPU
		Release|Any CPU = Release|Any CPU
	EndGlobalSection
	GlobalSection(ProjectConfigurationPlatforms) = postSolution
		{9CE91708-22D6-4A5E-8A21-293CE6CCFBEB}.Debug|Any CPU.ActiveCfg = Debug|Any CPU
		{9CE91708-22D6-4A5E-8A21-293CE6CCFBEB}.Debug|Any CPU.Build.0 = Debug|Any CPU
		{9CE91708-22D6-4A5E-8A21-293CE6CCFBEB}.Release|Any CPU.ActiveCfg = Release|Any CPU
		{9CE91708-22D6-4A5E-8A21-293CE6CCFBEB}.Release|Any CPU.Build.0 = Release|Any CPU
	EndGlobalSection
	GlobalSection(SolutionProperties) = preSolution
		HideSolutionNode = FALSE
	EndGlobalSection
	GlobalSection(ExtensibilityGlobals) = postSolution
		SolutionGuid = {6B7159F5-12CB-4159-AFC6-E09ECEE9176E}
	EndGlobalSection
EndGlobal
