
Microsoft Visual Studio Solution File, Format Version 12.00
# Visual Studio 15
VisualStudioVersion = 15.0.27703.2000
MinimumVisualStudioVersion = 10.0.40219.1
Project("{FAE04EC0-301F-11D3-BF4B-00C04F79EFBC}") = "TodoApp", "TodoApp\TodoApp.csproj", "{F2FEB6D4-AEDB-4B2F-94AA-506AD1A027CB}"
EndProject
Global
	GlobalSection(SolutionConfigurationPlatforms) = preSolution
		Debug|Any CPU = Debug|Any CPU
		Release|Any CPU = Release|Any CPU
	EndGlobalSection
	GlobalSection(ProjectConfigurationPlatforms) = postSolution
		{F2FEB6D4-AEDB-4B2F-94AA-506AD1A027CB}.Debug|Any CPU.ActiveCfg = Debug|Any CPU
		{F2FEB6D4-AEDB-4B2F-94AA-506AD1A027CB}.Debug|Any CPU.Build.0 = Debug|Any CPU
		{F2FEB6D4-AEDB-4B2F-94AA-506AD1A027CB}.Release|Any CPU.ActiveCfg = Release|Any CPU
		{F2FEB6D4-AEDB-4B2F-94AA-506AD1A027CB}.Release|Any CPU.Build.0 = Release|Any CPU
	EndGlobalSection
	GlobalSection(SolutionProperties) = preSolution
		HideSolutionNode = FALSE
	EndGlobalSection
	GlobalSection(ExtensibilityGlobals) = postSolution
		SolutionGuid = {1B532DE6-78DA-4545-BC54-8D7D8BD2C5D8}
	EndGlobalSection
EndGlobal
