
Microsoft Visual Studio Solution File, Format Version 12.00
# Visual Studio 15
VisualStudioVersion = 15.0.27703.2000
MinimumVisualStudioVersion = 10.0.40219.1
Project("{FAE04EC0-301F-11D3-BF4B-00C04F79EFBC}") = "TakesLonger_strings", "TakesLonger_strings\TakesLonger_strings.csproj", "{EAF9A7A7-16E1-4311-A369-D6354E838A5E}"
EndProject
Global
	GlobalSection(SolutionConfigurationPlatforms) = preSolution
		Debug|Any CPU = Debug|Any CPU
		Release|Any CPU = Release|Any CPU
	EndGlobalSection
	GlobalSection(ProjectConfigurationPlatforms) = postSolution
		{EAF9A7A7-16E1-4311-A369-D6354E838A5E}.Debug|Any CPU.ActiveCfg = Debug|Any CPU
		{EAF9A7A7-16E1-4311-A369-D6354E838A5E}.Debug|Any CPU.Build.0 = Debug|Any CPU
		{EAF9A7A7-16E1-4311-A369-D6354E838A5E}.Release|Any CPU.ActiveCfg = Release|Any CPU
		{EAF9A7A7-16E1-4311-A369-D6354E838A5E}.Release|Any CPU.Build.0 = Release|Any CPU
	EndGlobalSection
	GlobalSection(SolutionProperties) = preSolution
		HideSolutionNode = FALSE
	EndGlobalSection
	GlobalSection(ExtensibilityGlobals) = postSolution
		SolutionGuid = {195E452D-3777-4B87-B42C-ADEC916A9567}
	EndGlobalSection
EndGlobal
