
Microsoft Visual Studio Solution File, Format Version 12.00
# Visual Studio 15
VisualStudioVersion = 15.0.27703.2000
MinimumVisualStudioVersion = 10.0.40219.1
Project("{FAE04EC0-301F-11D3-BF4B-00C04F79EFBC}") = "CharToString", "CharToString\CharToString.csproj", "{02A00548-DD19-47C3-99A3-18A0018ED049}"
EndProject
Global
	GlobalSection(SolutionConfigurationPlatforms) = preSolution
		Debug|Any CPU = Debug|Any CPU
		Release|Any CPU = Release|Any CPU
	EndGlobalSection
	GlobalSection(ProjectConfigurationPlatforms) = postSolution
		{02A00548-DD19-47C3-99A3-18A0018ED049}.Debug|Any CPU.ActiveCfg = Debug|Any CPU
		{02A00548-DD19-47C3-99A3-18A0018ED049}.Debug|Any CPU.Build.0 = Debug|Any CPU
		{02A00548-DD19-47C3-99A3-18A0018ED049}.Release|Any CPU.ActiveCfg = Release|Any CPU
		{02A00548-DD19-47C3-99A3-18A0018ED049}.Release|Any CPU.Build.0 = Release|Any CPU
	EndGlobalSection
	GlobalSection(SolutionProperties) = preSolution
		HideSolutionNode = FALSE
	EndGlobalSection
	GlobalSection(ExtensibilityGlobals) = postSolution
		SolutionGuid = {554B4D22-192D-4B32-9331-C7F944A148BC}
	EndGlobalSection
EndGlobal
