
Microsoft Visual Studio Solution File, Format Version 12.00
# Visual Studio 15
VisualStudioVersion = 15.0.27703.2000
MinimumVisualStudioVersion = 10.0.40219.1
Project("{FAE04EC0-301F-11D3-BF4B-00C04F79EFBC}") = "HeWillNever_dictionary", "HeWillNever_dictionary\HeWillNever_dictionary.csproj", "{96535749-8351-4A35-953C-2EAA0DBA5BE7}"
EndProject
Global
	GlobalSection(SolutionConfigurationPlatforms) = preSolution
		Debug|Any CPU = Debug|Any CPU
		Release|Any CPU = Release|Any CPU
	EndGlobalSection
	GlobalSection(ProjectConfigurationPlatforms) = postSolution
		{96535749-8351-4A35-953C-2EAA0DBA5BE7}.Debug|Any CPU.ActiveCfg = Debug|Any CPU
		{96535749-8351-4A35-953C-2EAA0DBA5BE7}.Debug|Any CPU.Build.0 = Debug|Any CPU
		{96535749-8351-4A35-953C-2EAA0DBA5BE7}.Release|Any CPU.ActiveCfg = Release|Any CPU
		{96535749-8351-4A35-953C-2EAA0DBA5BE7}.Release|Any CPU.Build.0 = Release|Any CPU
	EndGlobalSection
	GlobalSection(SolutionProperties) = preSolution
		HideSolutionNode = FALSE
	EndGlobalSection
	GlobalSection(ExtensibilityGlobals) = postSolution
		SolutionGuid = {41A92167-ECFD-4400-B28A-736E5EBD988F}
	EndGlobalSection
EndGlobal
