
Microsoft Visual Studio Solution File, Format Version 12.00
# Visual Studio 15
VisualStudioVersion = 15.0.27703.2000
MinimumVisualStudioVersion = 10.0.40219.1
Project("{FAE04EC0-301F-11D3-BF4B-00C04F79EFBC}") = "String3", "String3\String3.csproj", "{9882DB6A-29C4-4D70-93DC-D62ED56FA748}"
EndProject
Global
	GlobalSection(SolutionConfigurationPlatforms) = preSolution
		Debug|Any CPU = Debug|Any CPU
		Release|Any CPU = Release|Any CPU
	EndGlobalSection
	GlobalSection(ProjectConfigurationPlatforms) = postSolution
		{9882DB6A-29C4-4D70-93DC-D62ED56FA748}.Debug|Any CPU.ActiveCfg = Debug|Any CPU
		{9882DB6A-29C4-4D70-93DC-D62ED56FA748}.Debug|Any CPU.Build.0 = Debug|Any CPU
		{9882DB6A-29C4-4D70-93DC-D62ED56FA748}.Release|Any CPU.ActiveCfg = Release|Any CPU
		{9882DB6A-29C4-4D70-93DC-D62ED56FA748}.Release|Any CPU.Build.0 = Release|Any CPU
	EndGlobalSection
	GlobalSection(SolutionProperties) = preSolution
		HideSolutionNode = FALSE
	EndGlobalSection
	GlobalSection(ExtensibilityGlobals) = postSolution
		SolutionGuid = {3B8AF736-A979-462C-B175-8F1BC8025B24}
	EndGlobalSection
EndGlobal
