
Microsoft Visual Studio Solution File, Format Version 12.00
# Visual Studio 15
VisualStudioVersion = 15.0.27703.2000
MinimumVisualStudioVersion = 10.0.40219.1
Project("{FAE04EC0-301F-11D3-BF4B-00C04F79EFBC}") = "doableHomework_trees", "doableHomework_trees\doableHomework_trees.csproj", "{A546C711-1F7B-49A5-AF63-CC8169B5C62D}"
EndProject
Global
	GlobalSection(SolutionConfigurationPlatforms) = preSolution
		Debug|Any CPU = Debug|Any CPU
		Release|Any CPU = Release|Any CPU
	EndGlobalSection
	GlobalSection(ProjectConfigurationPlatforms) = postSolution
		{A546C711-1F7B-49A5-AF63-CC8169B5C62D}.Debug|Any CPU.ActiveCfg = Debug|Any CPU
		{A546C711-1F7B-49A5-AF63-CC8169B5C62D}.Debug|Any CPU.Build.0 = Debug|Any CPU
		{A546C711-1F7B-49A5-AF63-CC8169B5C62D}.Release|Any CPU.ActiveCfg = Release|Any CPU
		{A546C711-1F7B-49A5-AF63-CC8169B5C62D}.Release|Any CPU.Build.0 = Release|Any CPU
	EndGlobalSection
	GlobalSection(SolutionProperties) = preSolution
		HideSolutionNode = FALSE
	EndGlobalSection
	GlobalSection(ExtensibilityGlobals) = postSolution
		SolutionGuid = {C2D45D3B-C3F1-4D66-94DC-7D9F1454D276}
	EndGlobalSection
EndGlobal
