
Microsoft Visual Studio Solution File, Format Version 12.00
# Visual Studio 15
VisualStudioVersion = 15.0.27703.2000
MinimumVisualStudioVersion = 10.0.40219.1
Project("{FAE04EC0-301F-11D3-BF4B-00C04F79EFBC}") = "Doubled", "Doubled\Doubled.csproj", "{BD07E920-0A29-4590-89EB-41BD985AE943}"
EndProject
Global
	GlobalSection(SolutionConfigurationPlatforms) = preSolution
		Debug|Any CPU = Debug|Any CPU
		Release|Any CPU = Release|Any CPU
	EndGlobalSection
	GlobalSection(ProjectConfigurationPlatforms) = postSolution
		{BD07E920-0A29-4590-89EB-41BD985AE943}.Debug|Any CPU.ActiveCfg = Debug|Any CPU
		{BD07E920-0A29-4590-89EB-41BD985AE943}.Debug|Any CPU.Build.0 = Debug|Any CPU
		{BD07E920-0A29-4590-89EB-41BD985AE943}.Release|Any CPU.ActiveCfg = Release|Any CPU
		{BD07E920-0A29-4590-89EB-41BD985AE943}.Release|Any CPU.Build.0 = Release|Any CPU
	EndGlobalSection
	GlobalSection(SolutionProperties) = preSolution
		HideSolutionNode = FALSE
	EndGlobalSection
	GlobalSection(ExtensibilityGlobals) = postSolution
		SolutionGuid = {67747A1C-1A23-4E17-B64A-939A4D8C1CBE}
	EndGlobalSection
EndGlobal
