
Microsoft Visual Studio Solution File, Format Version 12.00
# Visual Studio 15
VisualStudioVersion = 15.0.27703.2000
MinimumVisualStudioVersion = 10.0.40219.1
Project("{FAE04EC0-301F-11D3-BF4B-00C04F79EFBC}") = "BankOfSimba", "BankOfSimba\BankOfSimba.csproj", "{2423CB5F-0B49-41A8-AC68-EED45E0B87D0}"
EndProject
Global
	GlobalSection(SolutionConfigurationPlatforms) = preSolution
		Debug|Any CPU = Debug|Any CPU
		Release|Any CPU = Release|Any CPU
	EndGlobalSection
	GlobalSection(ProjectConfigurationPlatforms) = postSolution
		{2423CB5F-0B49-41A8-AC68-EED45E0B87D0}.Debug|Any CPU.ActiveCfg = Debug|Any CPU
		{2423CB5F-0B49-41A8-AC68-EED45E0B87D0}.Debug|Any CPU.Build.0 = Debug|Any CPU
		{2423CB5F-0B49-41A8-AC68-EED45E0B87D0}.Release|Any CPU.ActiveCfg = Release|Any CPU
		{2423CB5F-0B49-41A8-AC68-EED45E0B87D0}.Release|Any CPU.Build.0 = Release|Any CPU
	EndGlobalSection
	GlobalSection(SolutionProperties) = preSolution
		HideSolutionNode = FALSE
	EndGlobalSection
	GlobalSection(ExtensibilityGlobals) = postSolution
		SolutionGuid = {0E9FB888-C9A8-4FE9-9BE2-20A668FBD746}
	EndGlobalSection
EndGlobal
